
Microsoft Visual Studio Solution File, Format Version 12.00
# Visual Studio Version 17
VisualStudioVersion = 17.11.35312.102
MinimumVisualStudioVersion = 10.0.40219.1
Project("{888888A0-9F3D-457C-B088-3A5042F75D52}") = "SampleWebsiteAuth", "SampleWebsiteAuth.pyproj", "{55E76490-E56E-42B1-B720-03BBC06F76B2}"
EndProject
Global
	GlobalSection(SolutionConfigurationPlatforms) = preSolution
		Debug|Any CPU = Debug|Any CPU
		Release|Any CPU = Release|Any CPU
	EndGlobalSection
	GlobalSection(ProjectConfigurationPlatforms) = postSolution
		{55E76490-E56E-42B1-B720-03BBC06F76B2}.Debug|Any CPU.ActiveCfg = Debug|Any CPU
		{55E76490-E56E-42B1-B720-03BBC06F76B2}.Debug|Any CPU.Build.0 = Debug|Any CPU
		{55E76490-E56E-42B1-B720-03BBC06F76B2}.Release|Any CPU.ActiveCfg = Release|Any CPU
		{55E76490-E56E-42B1-B720-03BBC06F76B2}.Release|Any CPU.Build.0 = Release|Any CPU
	EndGlobalSection
	GlobalSection(SolutionProperties) = preSolution
		HideSolutionNode = FALSE
	EndGlobalSection
	GlobalSection(ExtensibilityGlobals) = postSolution
		SolutionGuid = {3E78ADAE-5BF8-4F08-A8C9-5CB3AD136DC9}
	EndGlobalSection
EndGlobal
